// !$*UTF8*$!
{
	archiveVersion = 1;
	classes = {
	};
	objectVersion = 50;
	objects = {

/* Begin PBXBuildFile section */
		25721CE2FA20FFF9A4FEB921 /* Pods_Songhound.framework in Frameworks */ = {isa = PBXBuildFile; fileRef = 9F868351CECD45F62855E8FB /* Pods_Songhound.framework */; };
		3DEEA111347B126E3B430038 /* ArtistListWireFrame.swift in Sources */ = {isa = PBXBuildFile; fileRef = 3DEEA70E8C8E12EDA2235294 /* ArtistListWireFrame.swift */; };
		3DEEA1D0EF97E5CAA30EFCF0 /* SongsListViewController+LocationManager.swift in Sources */ = {isa = PBXBuildFile; fileRef = 3DEEA7D80709413E7879E3B1 /* SongsListViewController+LocationManager.swift */; };
		3DEEA213B8D488ABF5CB0938 /* MockEndpoints.swift in Sources */ = {isa = PBXBuildFile; fileRef = 3DEEA36617B7CFF1B1CF0641 /* MockEndpoints.swift */; };
		3DEEA25822909C6EEA77E46C /* CustomArtistsView.xib in Resources */ = {isa = PBXBuildFile; fileRef = 3DEEAAC205B6F5EA3C195849 /* CustomArtistsView.xib */; };
		3DEEA3639B61D61C7CEED164 /* ArtistListPresenter.swift in Sources */ = {isa = PBXBuildFile; fileRef = 3DEEA9A4A963D2A744B98069 /* ArtistListPresenter.swift */; };
		3DEEA36EBD0201F665B86258 /* SongListFeatureTests.swift in Sources */ = {isa = PBXBuildFile; fileRef = 3DEEA55DB13DB618F6D1E0CB /* SongListFeatureTests.swift */; };
		3DEEA3B4EE22BA365BFE054F /* SongsListViewController+LocationManager.swift in Sources */ = {isa = PBXBuildFile; fileRef = 3DEEA7D80709413E7879E3B1 /* SongsListViewController+LocationManager.swift */; };
		3DEEA43F24D8D414206BCB56 /* SongsListViewController+SongsListViewProtocol.swift in Sources */ = {isa = PBXBuildFile; fileRef = 3DEEA463397D8AD54D212B61 /* SongsListViewController+SongsListViewProtocol.swift */; };
		3DEEA4A7DD517E79690D929E /* SongDetailPresenter.swift in Sources */ = {isa = PBXBuildFile; fileRef = 3DEEA2ECF1E37AFC80826791 /* SongDetailPresenter.swift */; };
		3DEEA506C462AEF16C441926 /* SongsListViewController+UITableViewDelegate.swift in Sources */ = {isa = PBXBuildFile; fileRef = 3DEEA0470632E06F8490744D /* SongsListViewController+UITableViewDelegate.swift */; };
		3DEEA52AE375D6A75323D45B /* ArtistListInteractor.swift in Sources */ = {isa = PBXBuildFile; fileRef = 3DEEA400EF3CBA7D7D215D65 /* ArtistListInteractor.swift */; };
		3DEEA5423A10E50788B2782F /* SongsListDataManagerTest.swift in Sources */ = {isa = PBXBuildFile; fileRef = 3DEEA53BF4CA76A627BEB1E3 /* SongsListDataManagerTest.swift */; };
		3DEEA55BAD2385E63DF93465 /* SongTableViewCell.swift in Sources */ = {isa = PBXBuildFile; fileRef = 3DEEAE5FF26EB3EC23EE200D /* SongTableViewCell.swift */; };
		3DEEA5FB3BBDF00FF43E903E /* SongsListViewController+GoogleSignInDelegate.swift in Sources */ = {isa = PBXBuildFile; fileRef = 3DEEA19EE1F2B56101EC18AD /* SongsListViewController+GoogleSignInDelegate.swift */; };
		3DEEA678903341F762630F11 /* songs.json in Resources */ = {isa = PBXBuildFile; fileRef = 3DEEAA899F6A576B1EC6FE77 /* songs.json */; };
		3DEEA75D77974A34D06C7CFB /* SongsListViewController+UITableViewDelegate.swift in Sources */ = {isa = PBXBuildFile; fileRef = 3DEEA0470632E06F8490744D /* SongsListViewController+UITableViewDelegate.swift */; };
		3DEEA76CD49126F2C8067DA6 /* Mocks.swift in Sources */ = {isa = PBXBuildFile; fileRef = 3DEEAFB13A5F76BA0B9FFF60 /* Mocks.swift */; };
		3DEEA78A48252B1B213C57A5 /* GoogleService-Info.plist in Resources */ = {isa = PBXBuildFile; fileRef = 3DEEAA013A8E2F14973CB22A /* GoogleService-Info.plist */; };
		3DEEA823CF91481FAAEEA8BB /* Server.swift in Sources */ = {isa = PBXBuildFile; fileRef = 3DEEA98EDCA558A56E44996E /* Server.swift */; };
		3DEEA8656BE2BED91F653AE1 /* ArtistListRemoteDataManager.swift in Sources */ = {isa = PBXBuildFile; fileRef = 3DEEAD78D920FD77ED0CFAB1 /* ArtistListRemoteDataManager.swift */; };
		3DEEA8AEB11A7DCF65C552CF /* SongsListViewController+SongsListViewProtocol.swift in Sources */ = {isa = PBXBuildFile; fileRef = 3DEEA463397D8AD54D212B61 /* SongsListViewController+SongsListViewProtocol.swift */; };
		3DEEA996372F353A9B4F445B /* SongsListViewController+GoogleSignInDelegate.swift in Sources */ = {isa = PBXBuildFile; fileRef = 3DEEA19EE1F2B56101EC18AD /* SongsListViewController+GoogleSignInDelegate.swift */; };
		3DEEAB0EA2AE6CA6208CBC27 /* User.swift in Sources */ = {isa = PBXBuildFile; fileRef = 3DEEAEC37B554FECEBB2749F /* User.swift */; };
		3DEEAC28D16A7E489B24D262 /* SongListPresenterTests.swift in Sources */ = {isa = PBXBuildFile; fileRef = 3DEEA5FDD4AE0A2AF5E160D6 /* SongListPresenterTests.swift */; };
		3DEEAD0DB1A7C753C1BE2BBA /* ArtistListViewController.swift in Sources */ = {isa = PBXBuildFile; fileRef = 3DEEA1BE49DB22FC0488807D /* ArtistListViewController.swift */; };
		3DEEAD9FBFF03A54D1589247 /* artsits.json in Resources */ = {isa = PBXBuildFile; fileRef = 3DEEA497246AA534897D91E5 /* artsits.json */; };
		3DEEADFAFD482273CD970267 /* CustomArtistsView.swift in Sources */ = {isa = PBXBuildFile; fileRef = 3DEEA50CE290DB4522845E0E /* CustomArtistsView.swift */; };
		3DEEAE09A28F8520ED22D298 /* SongsListInteractorTests.swift in Sources */ = {isa = PBXBuildFile; fileRef = 3DEEA5F8487ED1CF1432BDDA /* SongsListInteractorTests.swift */; };
		3DEEAED0EF9B4CAB7B24212A /* SongDetailsProtocols.swift in Sources */ = {isa = PBXBuildFile; fileRef = 3DEEA90E5FC965572DBE6A97 /* SongDetailsProtocols.swift */; };
		3DEEAF9690DF0C7EB38A67E1 /* TopSongsByArtistViewController.swift in Sources */ = {isa = PBXBuildFile; fileRef = 3DEEA0782460153FDF0D7021 /* TopSongsByArtistViewController.swift */; };
		F30FDB6A2229CC7600D48E96 /* Extensions.swift in Sources */ = {isa = PBXBuildFile; fileRef = F30FDB692229CC7600D48E96 /* Extensions.swift */; };
		F30FDB6C2229E39300D48E96 /* SongsListWireFrame.swift in Sources */ = {isa = PBXBuildFile; fileRef = F30FDB6B2229E39300D48E96 /* SongsListWireFrame.swift */; };
		F30FDB6E222A1D4100D48E96 /* SongListRemoteDataManager.swift in Sources */ = {isa = PBXBuildFile; fileRef = F30FDB6D222A1D4100D48E96 /* SongListRemoteDataManager.swift */; };
		F30FDB70222A1F1300D48E96 /* Endpoints.swift in Sources */ = {isa = PBXBuildFile; fileRef = F30FDB6F222A1F1300D48E96 /* Endpoints.swift */; };
		F30FDB72222BCA7300D48E96 /* ModelResponse.swift in Sources */ = {isa = PBXBuildFile; fileRef = F30FDB71222BCA7300D48E96 /* ModelResponse.swift */; };
		F31BB458223F994700E986AF /* SonghoundUITests.swift in Sources */ = {isa = PBXBuildFile; fileRef = F31BB457223F994700E986AF /* SonghoundUITests.swift */; };
		F31BB460223F9AA900E986AF /* SongsListUITest.swift in Sources */ = {isa = PBXBuildFile; fileRef = F31BB45F223F9AA900E986AF /* SongsListUITest.swift */; };
		F325AB6822365CB700C3E344 /* SongDetailViewController.swift in Sources */ = {isa = PBXBuildFile; fileRef = F325AB6722365CB700C3E344 /* SongDetailViewController.swift */; };
		F325AB6A22365F5000C3E344 /* SongDetailsWireFrame.swift in Sources */ = {isa = PBXBuildFile; fileRef = F325AB6922365F5000C3E344 /* SongDetailsWireFrame.swift */; };
		F336DDB62216B6DC0079B05D /* AppDelegate.swift in Sources */ = {isa = PBXBuildFile; fileRef = F336DDB52216B6DC0079B05D /* AppDelegate.swift */; };
		F336DDBB2216B6DC0079B05D /* Main.storyboard in Resources */ = {isa = PBXBuildFile; fileRef = F336DDB92216B6DC0079B05D /* Main.storyboard */; };
		F336DDBD2216B6DE0079B05D /* Assets.xcassets in Resources */ = {isa = PBXBuildFile; fileRef = F336DDBC2216B6DE0079B05D /* Assets.xcassets */; };
		F336DDC02216B6DE0079B05D /* LaunchScreen.storyboard in Resources */ = {isa = PBXBuildFile; fileRef = F336DDBE2216B6DE0079B05D /* LaunchScreen.storyboard */; };
		F33E6CF3221BF07F00CFBB23 /* ArtistTableViewCell.swift in Sources */ = {isa = PBXBuildFile; fileRef = F33E6CF2221BF07F00CFBB23 /* ArtistTableViewCell.swift */; };
		F33E6CF5221BF3A300CFBB23 /* Artist.swift in Sources */ = {isa = PBXBuildFile; fileRef = F33E6CF4221BF3A300CFBB23 /* Artist.swift */; };
		F33E6CF7221BFBD100CFBB23 /* UIUtils.swift in Sources */ = {isa = PBXBuildFile; fileRef = F33E6CF6221BFBD100CFBB23 /* UIUtils.swift */; };
		F345CC7A221EB5CA00E2BDFA /* SongsViewController.swift in Sources */ = {isa = PBXBuildFile; fileRef = F345CC79221EB5CA00E2BDFA /* SongsViewController.swift */; };
		F365F13E222D0BBB00F447A6 /* ArtistModel.swift in Sources */ = {isa = PBXBuildFile; fileRef = F365F13D222D0BBB00F447A6 /* ArtistModel.swift */; };
		F365F149222D1E5C00F447A6 /* ArtistsListViewController.swift in Sources */ = {isa = PBXBuildFile; fileRef = F365F148222D1E5C00F447A6 /* ArtistsListViewController.swift */; };
		F365F14C222D201900F447A6 /* ArtistListViewProtocol.swift in Sources */ = {isa = PBXBuildFile; fileRef = F365F14B222D201900F447A6 /* ArtistListViewProtocol.swift */; };
		F365F151222D22BA00F447A6 /* CommonNetworkProtocol.swift in Sources */ = {isa = PBXBuildFile; fileRef = F365F150222D22BA00F447A6 /* CommonNetworkProtocol.swift */; };
		F365F153222D271800F447A6 /* ArtistsListViewWireFrame.swift in Sources */ = {isa = PBXBuildFile; fileRef = F365F152222D271800F447A6 /* ArtistsListViewWireFrame.swift */; };
		F365F156222D2A3D00F447A6 /* WireFrameUtils.swift in Sources */ = {isa = PBXBuildFile; fileRef = F365F155222D2A3D00F447A6 /* WireFrameUtils.swift */; };
		F365F158222D2E1D00F447A6 /* ArtistSongListViewPresenter.swift in Sources */ = {isa = PBXBuildFile; fileRef = F365F157222D2E1D00F447A6 /* ArtistSongListViewPresenter.swift */; };
		F36EE49B222935930083B2B8 /* SongsListViewProtocols.swift in Sources */ = {isa = PBXBuildFile; fileRef = F36EE49A222935930083B2B8 /* SongsListViewProtocols.swift */; };
		F36EE49D222938930083B2B8 /* SongsListViewPresenter.swift in Sources */ = {isa = PBXBuildFile; fileRef = F36EE49C222938930083B2B8 /* SongsListViewPresenter.swift */; };
		F36EE49F222940A60083B2B8 /* SongModel.swift in Sources */ = {isa = PBXBuildFile; fileRef = F36EE49E222940A60083B2B8 /* SongModel.swift */; };
		F36EE4A1222956C20083B2B8 /* SongsListInterator.swift in Sources */ = {isa = PBXBuildFile; fileRef = F36EE4A0222956C20083B2B8 /* SongsListInterator.swift */; };
		F36EE4A3222970690083B2B8 /* SongsListViewController.swift in Sources */ = {isa = PBXBuildFile; fileRef = F36EE4A2222970690083B2B8 /* SongsListViewController.swift */; };
		F38D20E8222FA051002BD13D /* ArtistSongsListInteractor.swift in Sources */ = {isa = PBXBuildFile; fileRef = F38D20E7222FA051002BD13D /* ArtistSongsListInteractor.swift */; };
		F38D20EC222FAA38002BD13D /* ArtistsSongsListRemoteDataManager .swift in Sources */ = {isa = PBXBuildFile; fileRef = F38D20EB222FAA38002BD13D /* ArtistsSongsListRemoteDataManager .swift */; };
		F397DD87221A02B500D28E3C /* Song.swift in Sources */ = {isa = PBXBuildFile; fileRef = F397DD86221A02B500D28E3C /* Song.swift */; };
		F3F91CCC2237E8EA006C0D6D /* ArtistsListProtocols.swift in Sources */ = {isa = PBXBuildFile; fileRef = F3F91CCB2237E8EA006C0D6D /* ArtistsListProtocols.swift */; };
		F8E5BC3BAF256DE7CD755BEE /* Pods_SonghoundTests.framework in Frameworks */ = {isa = PBXBuildFile; fileRef = 3D14AE6B7E5F0876C64E3747 /* Pods_SonghoundTests.framework */; };
/* End PBXBuildFile section */

/* Begin PBXContainerItemProxy section */
		F31BB45A223F994700E986AF /* PBXContainerItemProxy */ = {
			isa = PBXContainerItemProxy;
			containerPortal = F336DDAA2216B6DB0079B05D /* Project object */;
			proxyType = 1;
			remoteGlobalIDString = F336DDB12216B6DB0079B05D;
			remoteInfo = Songhound;
		};
		F336DDC72216B6DE0079B05D /* PBXContainerItemProxy */ = {
			isa = PBXContainerItemProxy;
			containerPortal = F336DDAA2216B6DB0079B05D /* Project object */;
			proxyType = 1;
			remoteGlobalIDString = F336DDB12216B6DB0079B05D;
			remoteInfo = Songhound;
		};
/* End PBXContainerItemProxy section */

/* Begin PBXFileReference section */
		35A7146061DFA13E2DCDB271 /* Pods-SonghoundTests.debug.xcconfig */ = {isa = PBXFileReference; includeInIndex = 1; lastKnownFileType = text.xcconfig; name = "Pods-SonghoundTests.debug.xcconfig"; path = "Pods/Target Support Files/Pods-SonghoundTests/Pods-SonghoundTests.debug.xcconfig"; sourceTree = "<group>"; };
		3D14AE6B7E5F0876C64E3747 /* Pods_SonghoundTests.framework */ = {isa = PBXFileReference; explicitFileType = wrapper.framework; includeInIndex = 0; path = Pods_SonghoundTests.framework; sourceTree = BUILT_PRODUCTS_DIR; };
		3DEEA0470632E06F8490744D /* SongsListViewController+UITableViewDelegate.swift */ = {isa = PBXFileReference; fileEncoding = 4; lastKnownFileType = sourcecode.swift; path = "SongsListViewController+UITableViewDelegate.swift"; sourceTree = "<group>"; };
		3DEEA0782460153FDF0D7021 /* TopSongsByArtistViewController.swift */ = {isa = PBXFileReference; fileEncoding = 4; lastKnownFileType = sourcecode.swift; path = TopSongsByArtistViewController.swift; sourceTree = "<group>"; };
		3DEEA19EE1F2B56101EC18AD /* SongsListViewController+GoogleSignInDelegate.swift */ = {isa = PBXFileReference; fileEncoding = 4; lastKnownFileType = sourcecode.swift; path = "SongsListViewController+GoogleSignInDelegate.swift"; sourceTree = "<group>"; };
		3DEEA1BE49DB22FC0488807D /* ArtistListViewController.swift */ = {isa = PBXFileReference; fileEncoding = 4; lastKnownFileType = sourcecode.swift; path = ArtistListViewController.swift; sourceTree = "<group>"; };
		3DEEA2ECF1E37AFC80826791 /* SongDetailPresenter.swift */ = {isa = PBXFileReference; fileEncoding = 4; lastKnownFileType = sourcecode.swift; path = SongDetailPresenter.swift; sourceTree = "<group>"; };
		3DEEA36617B7CFF1B1CF0641 /* MockEndpoints.swift */ = {isa = PBXFileReference; fileEncoding = 4; lastKnownFileType = sourcecode.swift; path = MockEndpoints.swift; sourceTree = "<group>"; };
		3DEEA400EF3CBA7D7D215D65 /* ArtistListInteractor.swift */ = {isa = PBXFileReference; fileEncoding = 4; lastKnownFileType = sourcecode.swift; path = ArtistListInteractor.swift; sourceTree = "<group>"; };
		3DEEA463397D8AD54D212B61 /* SongsListViewController+SongsListViewProtocol.swift */ = {isa = PBXFileReference; fileEncoding = 4; lastKnownFileType = sourcecode.swift; path = "SongsListViewController+SongsListViewProtocol.swift"; sourceTree = "<group>"; };
		3DEEA497246AA534897D91E5 /* artsits.json */ = {isa = PBXFileReference; fileEncoding = 4; lastKnownFileType = text.json; path = artsits.json; sourceTree = "<group>"; };
		3DEEA50CE290DB4522845E0E /* CustomArtistsView.swift */ = {isa = PBXFileReference; fileEncoding = 4; lastKnownFileType = sourcecode.swift; path = CustomArtistsView.swift; sourceTree = "<group>"; };
		3DEEA53BF4CA76A627BEB1E3 /* SongsListDataManagerTest.swift */ = {isa = PBXFileReference; fileEncoding = 4; lastKnownFileType = sourcecode.swift; path = SongsListDataManagerTest.swift; sourceTree = "<group>"; };
		3DEEA55DB13DB618F6D1E0CB /* SongListFeatureTests.swift */ = {isa = PBXFileReference; fileEncoding = 4; lastKnownFileType = sourcecode.swift; path = SongListFeatureTests.swift; sourceTree = "<group>"; };
		3DEEA5F8487ED1CF1432BDDA /* SongsListInteractorTests.swift */ = {isa = PBXFileReference; fileEncoding = 4; lastKnownFileType = sourcecode.swift; path = SongsListInteractorTests.swift; sourceTree = "<group>"; };
		3DEEA5FDD4AE0A2AF5E160D6 /* SongListPresenterTests.swift */ = {isa = PBXFileReference; fileEncoding = 4; lastKnownFileType = sourcecode.swift; path = SongListPresenterTests.swift; sourceTree = "<group>"; };
		3DEEA70E8C8E12EDA2235294 /* ArtistListWireFrame.swift */ = {isa = PBXFileReference; fileEncoding = 4; lastKnownFileType = sourcecode.swift; path = ArtistListWireFrame.swift; sourceTree = "<group>"; };
		3DEEA7D80709413E7879E3B1 /* SongsListViewController+LocationManager.swift */ = {isa = PBXFileReference; fileEncoding = 4; lastKnownFileType = sourcecode.swift; path = "SongsListViewController+LocationManager.swift"; sourceTree = "<group>"; };
		3DEEA8C8B224B2A637C744A1 /* LocationManagerProtocol.h */ = {isa = PBXFileReference; fileEncoding = 4; lastKnownFileType = sourcecode.c.h; path = LocationManagerProtocol.h; sourceTree = "<group>"; };
		3DEEA90E5FC965572DBE6A97 /* SongDetailsProtocols.swift */ = {isa = PBXFileReference; fileEncoding = 4; lastKnownFileType = sourcecode.swift; path = SongDetailsProtocols.swift; sourceTree = "<group>"; };
		3DEEA98EDCA558A56E44996E /* Server.swift */ = {isa = PBXFileReference; fileEncoding = 4; lastKnownFileType = sourcecode.swift; path = Server.swift; sourceTree = "<group>"; };
		3DEEA9A4A963D2A744B98069 /* ArtistListPresenter.swift */ = {isa = PBXFileReference; fileEncoding = 4; lastKnownFileType = sourcecode.swift; path = ArtistListPresenter.swift; sourceTree = "<group>"; };
		3DEEAA013A8E2F14973CB22A /* GoogleService-Info.plist */ = {isa = PBXFileReference; fileEncoding = 4; lastKnownFileType = text.plist.info; path = "GoogleService-Info.plist"; sourceTree = "<group>"; };
		3DEEAA899F6A576B1EC6FE77 /* songs.json */ = {isa = PBXFileReference; fileEncoding = 4; lastKnownFileType = text.json; path = songs.json; sourceTree = "<group>"; };
		3DEEAAC205B6F5EA3C195849 /* CustomArtistsView.xib */ = {isa = PBXFileReference; lastKnownFileType = file.xib; path = CustomArtistsView.xib; sourceTree = "<group>"; };
		3DEEAD78D920FD77ED0CFAB1 /* ArtistListRemoteDataManager.swift */ = {isa = PBXFileReference; fileEncoding = 4; lastKnownFileType = sourcecode.swift; path = ArtistListRemoteDataManager.swift; sourceTree = "<group>"; };
		3DEEAE5FF26EB3EC23EE200D /* SongTableViewCell.swift */ = {isa = PBXFileReference; fileEncoding = 4; lastKnownFileType = sourcecode.swift; path = SongTableViewCell.swift; sourceTree = "<group>"; };
		3DEEAEC37B554FECEBB2749F /* User.swift */ = {isa = PBXFileReference; fileEncoding = 4; lastKnownFileType = sourcecode.swift; path = User.swift; sourceTree = "<group>"; };
		3DEEAF24EE3FB0A53495DA5A /* Utils.swift */ = {isa = PBXFileReference; fileEncoding = 4; lastKnownFileType = sourcecode.swift; path = Utils.swift; sourceTree = "<group>"; };
		3DEEAF711A4474FA4F274C26 /* Songhound-Bridging-Header.h */ = {isa = PBXFileReference; fileEncoding = 4; lastKnownFileType = sourcecode.c.h; path = "Songhound-Bridging-Header.h"; sourceTree = "<group>"; };
		3DEEAFB13A5F76BA0B9FFF60 /* Mocks.swift */ = {isa = PBXFileReference; fileEncoding = 4; lastKnownFileType = sourcecode.swift; path = Mocks.swift; sourceTree = "<group>"; };
		3F8C8DE05285C4A9B94D2D0B /* Pods-SonghoundUITests.release.xcconfig */ = {isa = PBXFileReference; includeInIndex = 1; lastKnownFileType = text.xcconfig; name = "Pods-SonghoundUITests.release.xcconfig"; path = "Pods/Target Support Files/Pods-SonghoundUITests/Pods-SonghoundUITests.release.xcconfig"; sourceTree = "<group>"; };
		5BD6616F14749191B222BD7E /* Pods-SonghoundUITests.debug.xcconfig */ = {isa = PBXFileReference; includeInIndex = 1; lastKnownFileType = text.xcconfig; name = "Pods-SonghoundUITests.debug.xcconfig"; path = "Pods/Target Support Files/Pods-SonghoundUITests/Pods-SonghoundUITests.debug.xcconfig"; sourceTree = "<group>"; };
		9366AFB3BFA62569BD22C06B /* Pods-SonghoundTests.release.xcconfig */ = {isa = PBXFileReference; includeInIndex = 1; lastKnownFileType = text.xcconfig; name = "Pods-SonghoundTests.release.xcconfig"; path = "Pods/Target Support Files/Pods-SonghoundTests/Pods-SonghoundTests.release.xcconfig"; sourceTree = "<group>"; };
		9F868351CECD45F62855E8FB /* Pods_Songhound.framework */ = {isa = PBXFileReference; explicitFileType = wrapper.framework; includeInIndex = 0; path = Pods_Songhound.framework; sourceTree = BUILT_PRODUCTS_DIR; };
		B478303C652C5DEA866E0B01 /* Pods-Songhound.release.xcconfig */ = {isa = PBXFileReference; includeInIndex = 1; lastKnownFileType = text.xcconfig; name = "Pods-Songhound.release.xcconfig"; path = "Pods/Target Support Files/Pods-Songhound/Pods-Songhound.release.xcconfig"; sourceTree = "<group>"; };
		E70EE039CCAEAA79B85A1C04 /* Pods_SonghoundUITests.framework */ = {isa = PBXFileReference; explicitFileType = wrapper.framework; includeInIndex = 0; path = Pods_SonghoundUITests.framework; sourceTree = BUILT_PRODUCTS_DIR; };
		E7D85EBB81430C08D32CCBD8 /* Pods-Songhound.debug.xcconfig */ = {isa = PBXFileReference; includeInIndex = 1; lastKnownFileType = text.xcconfig; name = "Pods-Songhound.debug.xcconfig"; path = "Pods/Target Support Files/Pods-Songhound/Pods-Songhound.debug.xcconfig"; sourceTree = "<group>"; };
		F30FDB692229CC7600D48E96 /* Extensions.swift */ = {isa = PBXFileReference; lastKnownFileType = sourcecode.swift; path = Extensions.swift; sourceTree = "<group>"; };
		F30FDB6B2229E39300D48E96 /* SongsListWireFrame.swift */ = {isa = PBXFileReference; lastKnownFileType = sourcecode.swift; path = SongsListWireFrame.swift; sourceTree = "<group>"; };
		F30FDB6D222A1D4100D48E96 /* SongListRemoteDataManager.swift */ = {isa = PBXFileReference; lastKnownFileType = sourcecode.swift; path = SongListRemoteDataManager.swift; sourceTree = "<group>"; };
		F30FDB6F222A1F1300D48E96 /* Endpoints.swift */ = {isa = PBXFileReference; lastKnownFileType = sourcecode.swift; path = Endpoints.swift; sourceTree = "<group>"; };
		F30FDB71222BCA7300D48E96 /* ModelResponse.swift */ = {isa = PBXFileReference; lastKnownFileType = sourcecode.swift; path = ModelResponse.swift; sourceTree = "<group>"; };
		F31BB455223F994700E986AF /* SonghoundUITests.xctest */ = {isa = PBXFileReference; explicitFileType = wrapper.cfbundle; includeInIndex = 0; path = SonghoundUITests.xctest; sourceTree = BUILT_PRODUCTS_DIR; };
		F31BB457223F994700E986AF /* SonghoundUITests.swift */ = {isa = PBXFileReference; lastKnownFileType = sourcecode.swift; path = SonghoundUITests.swift; sourceTree = "<group>"; };
		F31BB459223F994700E986AF /* Info.plist */ = {isa = PBXFileReference; lastKnownFileType = text.plist.xml; path = Info.plist; sourceTree = "<group>"; };
		F31BB45F223F9AA900E986AF /* SongsListUITest.swift */ = {isa = PBXFileReference; lastKnownFileType = sourcecode.swift; path = SongsListUITest.swift; sourceTree = "<group>"; };
		F325AB6722365CB700C3E344 /* SongDetailViewController.swift */ = {isa = PBXFileReference; lastKnownFileType = sourcecode.swift; path = SongDetailViewController.swift; sourceTree = "<group>"; };
		F325AB6922365F5000C3E344 /* SongDetailsWireFrame.swift */ = {isa = PBXFileReference; lastKnownFileType = sourcecode.swift; path = SongDetailsWireFrame.swift; sourceTree = "<group>"; };
		F336DDB22216B6DC0079B05D /* Songhound.app */ = {isa = PBXFileReference; explicitFileType = wrapper.application; includeInIndex = 0; path = Songhound.app; sourceTree = BUILT_PRODUCTS_DIR; };
		F336DDB52216B6DC0079B05D /* AppDelegate.swift */ = {isa = PBXFileReference; lastKnownFileType = sourcecode.swift; path = AppDelegate.swift; sourceTree = "<group>"; };
		F336DDBA2216B6DC0079B05D /* Base */ = {isa = PBXFileReference; lastKnownFileType = file.storyboard; name = Base; path = Base.lproj/Main.storyboard; sourceTree = "<group>"; };
		F336DDBC2216B6DE0079B05D /* Assets.xcassets */ = {isa = PBXFileReference; lastKnownFileType = folder.assetcatalog; path = Assets.xcassets; sourceTree = "<group>"; };
		F336DDBF2216B6DE0079B05D /* Base */ = {isa = PBXFileReference; lastKnownFileType = file.storyboard; name = Base; path = Base.lproj/LaunchScreen.storyboard; sourceTree = "<group>"; };
		F336DDC12216B6DE0079B05D /* Info.plist */ = {isa = PBXFileReference; lastKnownFileType = text.plist.xml; path = Info.plist; sourceTree = "<group>"; };
		F336DDC62216B6DE0079B05D /* SonghoundTests.xctest */ = {isa = PBXFileReference; explicitFileType = wrapper.cfbundle; includeInIndex = 0; path = SonghoundTests.xctest; sourceTree = BUILT_PRODUCTS_DIR; };
		F336DDCC2216B6DE0079B05D /* Info.plist */ = {isa = PBXFileReference; lastKnownFileType = text.plist.xml; path = Info.plist; sourceTree = "<group>"; };
		F33E6CF2221BF07F00CFBB23 /* ArtistTableViewCell.swift */ = {isa = PBXFileReference; lastKnownFileType = sourcecode.swift; path = ArtistTableViewCell.swift; sourceTree = "<group>"; };
		F33E6CF4221BF3A300CFBB23 /* Artist.swift */ = {isa = PBXFileReference; lastKnownFileType = sourcecode.swift; path = Artist.swift; sourceTree = "<group>"; };
		F33E6CF6221BFBD100CFBB23 /* UIUtils.swift */ = {isa = PBXFileReference; lastKnownFileType = sourcecode.swift; path = UIUtils.swift; sourceTree = "<group>"; };
		F345CC79221EB5CA00E2BDFA /* SongsViewController.swift */ = {isa = PBXFileReference; lastKnownFileType = sourcecode.swift; path = SongsViewController.swift; sourceTree = "<group>"; };
		F365F13D222D0BBB00F447A6 /* ArtistModel.swift */ = {isa = PBXFileReference; lastKnownFileType = sourcecode.swift; path = ArtistModel.swift; sourceTree = "<group>"; };
		F365F148222D1E5C00F447A6 /* ArtistsListViewController.swift */ = {isa = PBXFileReference; lastKnownFileType = sourcecode.swift; path = ArtistsListViewController.swift; sourceTree = "<group>"; };
		F365F14B222D201900F447A6 /* ArtistListViewProtocol.swift */ = {isa = PBXFileReference; lastKnownFileType = sourcecode.swift; path = ArtistListViewProtocol.swift; sourceTree = "<group>"; };
		F365F150222D22BA00F447A6 /* CommonNetworkProtocol.swift */ = {isa = PBXFileReference; lastKnownFileType = sourcecode.swift; path = CommonNetworkProtocol.swift; sourceTree = "<group>"; };
		F365F152222D271800F447A6 /* ArtistsListViewWireFrame.swift */ = {isa = PBXFileReference; lastKnownFileType = sourcecode.swift; path = ArtistsListViewWireFrame.swift; sourceTree = "<group>"; };
		F365F155222D2A3D00F447A6 /* WireFrameUtils.swift */ = {isa = PBXFileReference; lastKnownFileType = sourcecode.swift; path = WireFrameUtils.swift; sourceTree = "<group>"; };
		F365F157222D2E1D00F447A6 /* ArtistSongListViewPresenter.swift */ = {isa = PBXFileReference; lastKnownFileType = sourcecode.swift; path = ArtistSongListViewPresenter.swift; sourceTree = "<group>"; };
		F36EE49A222935930083B2B8 /* SongsListViewProtocols.swift */ = {isa = PBXFileReference; lastKnownFileType = sourcecode.swift; path = SongsListViewProtocols.swift; sourceTree = "<group>"; };
		F36EE49C222938930083B2B8 /* SongsListViewPresenter.swift */ = {isa = PBXFileReference; lastKnownFileType = sourcecode.swift; path = SongsListViewPresenter.swift; sourceTree = "<group>"; };
		F36EE49E222940A60083B2B8 /* SongModel.swift */ = {isa = PBXFileReference; lastKnownFileType = sourcecode.swift; path = SongModel.swift; sourceTree = "<group>"; };
		F36EE4A0222956C20083B2B8 /* SongsListInterator.swift */ = {isa = PBXFileReference; lastKnownFileType = sourcecode.swift; path = SongsListInterator.swift; sourceTree = "<group>"; };
		F36EE4A2222970690083B2B8 /* SongsListViewController.swift */ = {isa = PBXFileReference; lastKnownFileType = sourcecode.swift; path = SongsListViewController.swift; sourceTree = "<group>"; };
		F38D20E7222FA051002BD13D /* ArtistSongsListInteractor.swift */ = {isa = PBXFileReference; lastKnownFileType = sourcecode.swift; path = ArtistSongsListInteractor.swift; sourceTree = "<group>"; };
		F38D20EB222FAA38002BD13D /* ArtistsSongsListRemoteDataManager .swift */ = {isa = PBXFileReference; lastKnownFileType = sourcecode.swift; path = "ArtistsSongsListRemoteDataManager .swift"; sourceTree = "<group>"; };
		F397DD86221A02B500D28E3C /* Song.swift */ = {isa = PBXFileReference; lastKnownFileType = sourcecode.swift; path = Song.swift; sourceTree = "<group>"; };
		F3F91CCB2237E8EA006C0D6D /* ArtistsListProtocols.swift */ = {isa = PBXFileReference; lastKnownFileType = sourcecode.swift; path = ArtistsListProtocols.swift; sourceTree = "<group>"; };
/* End PBXFileReference section */

/* Begin PBXFrameworksBuildPhase section */
		F31BB452223F994700E986AF /* Frameworks */ = {
			isa = PBXFrameworksBuildPhase;
			buildActionMask = 2147483647;
			files = (
			);
			runOnlyForDeploymentPostprocessing = 0;
		};
		F336DDAF2216B6DB0079B05D /* Frameworks */ = {
			isa = PBXFrameworksBuildPhase;
			buildActionMask = 2147483647;
			files = (
				25721CE2FA20FFF9A4FEB921 /* Pods_Songhound.framework in Frameworks */,
			);
			runOnlyForDeploymentPostprocessing = 0;
		};
		F336DDC32216B6DE0079B05D /* Frameworks */ = {
			isa = PBXFrameworksBuildPhase;
			buildActionMask = 2147483647;
			files = (
				F8E5BC3BAF256DE7CD755BEE /* Pods_SonghoundTests.framework in Frameworks */,
			);
			runOnlyForDeploymentPostprocessing = 0;
		};
/* End PBXFrameworksBuildPhase section */

/* Begin PBXGroup section */
		02823C65958189E19B3E275B /* Pods */ = {
			isa = PBXGroup;
			children = (
				E7D85EBB81430C08D32CCBD8 /* Pods-Songhound.debug.xcconfig */,
				B478303C652C5DEA866E0B01 /* Pods-Songhound.release.xcconfig */,
				35A7146061DFA13E2DCDB271 /* Pods-SonghoundTests.debug.xcconfig */,
				9366AFB3BFA62569BD22C06B /* Pods-SonghoundTests.release.xcconfig */,
				5BD6616F14749191B222BD7E /* Pods-SonghoundUITests.debug.xcconfig */,
				3F8C8DE05285C4A9B94D2D0B /* Pods-SonghoundUITests.release.xcconfig */,
			);
			name = Pods;
			sourceTree = "<group>";
		};
		3DEEA0298D414445ACEF8973 /* ServerMocker */ = {
			isa = PBXGroup;
			children = (
				3DEEA98EDCA558A56E44996E /* Server.swift */,
			);
			path = ServerMocker;
			sourceTree = "<group>";
		};
		3DEEA03D5E8D8855A8BC420B /* DataManagerMocks */ = {
			isa = PBXGroup;
			children = (
				3DEEA53BF4CA76A627BEB1E3 /* SongsListDataManagerTest.swift */,
				3DEEAA899F6A576B1EC6FE77 /* songs.json */,
				3DEEA497246AA534897D91E5 /* artsits.json */,
			);
			path = DataManagerMocks;
			sourceTree = "<group>";
		};
		3DEEA1F4855E771460594B39 /* Common */ = {
			isa = PBXGroup;
			children = (
				3DEEA0298D414445ACEF8973 /* ServerMocker */,
				3DEEA4BC9E25BE567C26B405 /* Endpoints */,
			);
			path = Common;
			sourceTree = "<group>";
		};
		3DEEA34F1956BBB6D6A7CBFC /* Mocks */ = {
			isa = PBXGroup;
			children = (
				3DEEAFB13A5F76BA0B9FFF60 /* Mocks.swift */,
			);
			path = Mocks;
			sourceTree = "<group>";
		};
		3DEEA46C9C0CBE79656CF218 /* Remote */ = {
			isa = PBXGroup;
			children = (
				3DEEAD78D920FD77ED0CFAB1 /* ArtistListRemoteDataManager.swift */,
			);
			path = Remote;
			sourceTree = "<group>";
		};
		3DEEA4BC9E25BE567C26B405 /* Endpoints */ = {
			isa = PBXGroup;
			children = (
				3DEEA36617B7CFF1B1CF0641 /* MockEndpoints.swift */,
			);
			path = Endpoints;
			sourceTree = "<group>";
		};
		3DEEA60232D7EE0388E9B137 /* Interactor */ = {
			isa = PBXGroup;
			children = (
				3DEEA400EF3CBA7D7D215D65 /* ArtistListInteractor.swift */,
			);
			path = Interactor;
			sourceTree = "<group>";
		};
		3DEEA73932B63B1AA814B93E /* PresenterTests */ = {
			isa = PBXGroup;
			children = (
				3DEEA5FDD4AE0A2AF5E160D6 /* SongListPresenterTests.swift */,
			);
			path = PresenterTests;
			sourceTree = "<group>";
		};
		AA34D13C9F725FF30AA10255 /* Frameworks */ = {
			isa = PBXGroup;
			children = (
				9F868351CECD45F62855E8FB /* Pods_Songhound.framework */,
				3D14AE6B7E5F0876C64E3747 /* Pods_SonghoundTests.framework */,
				E70EE039CCAEAA79B85A1C04 /* Pods_SonghoundUITests.framework */,
			);
			name = Frameworks;
			sourceTree = "<group>";
		};
		F31BB456223F994700E986AF /* SonghoundUITests */ = {
			isa = PBXGroup;
			children = (
				F31BB457223F994700E986AF /* SonghoundUITests.swift */,
				F31BB459223F994700E986AF /* Info.plist */,
				F31BB45F223F9AA900E986AF /* SongsListUITest.swift */,
			);
			path = SonghoundUITests;
			sourceTree = "<group>";
		};
		F325AB662234338A00C3E344 /* InteractorTests */ = {
			isa = PBXGroup;
			children = (
				3DEEA5F8487ED1CF1432BDDA /* SongsListInteractorTests.swift */,
			);
			path = InteractorTests;
			sourceTree = "<group>";
		};
		F325AB6B22369F9300C3E344 /* Songslist */ = {
			isa = PBXGroup;
			children = (
				F325AB662234338A00C3E344 /* InteractorTests */,
				3DEEA73932B63B1AA814B93E /* PresenterTests */,
				3DEEA34F1956BBB6D6A7CBFC /* Mocks */,
				3DEEA03D5E8D8855A8BC420B /* DataManagerMocks */,
			);
			path = Songslist;
			sourceTree = "<group>";
		};
		F336DDA92216B6DB0079B05D = {
			isa = PBXGroup;
			children = (
				F336DDB42216B6DC0079B05D /* Songhound */,
				F336DDC92216B6DE0079B05D /* SonghoundTests */,
				F31BB456223F994700E986AF /* SonghoundUITests */,
				F336DDB32216B6DC0079B05D /* Products */,
				02823C65958189E19B3E275B /* Pods */,
				AA34D13C9F725FF30AA10255 /* Frameworks */,
			);
			sourceTree = "<group>";
		};
		F336DDB32216B6DC0079B05D /* Products */ = {
			isa = PBXGroup;
			children = (
				F336DDB22216B6DC0079B05D /* Songhound.app */,
				F336DDC62216B6DE0079B05D /* SonghoundTests.xctest */,
				F31BB455223F994700E986AF /* SonghoundUITests.xctest */,
			);
			name = Products;
			sourceTree = "<group>";
		};
		F336DDB42216B6DC0079B05D /* Songhound */ = {
			isa = PBXGroup;
			children = (
				F3F91CC42237E7B2006C0D6D /* ArtistsList */,
				F36EE48F222928790083B2B8 /* Common */,
				F36EE4902229289C0083B2B8 /* Entities */,
				F36EE493222928E20083B2B8 /* SongsList */,
				F365F143222D130F00F447A6 /* ArtistsSongsList */,
				F36EE491222928B70083B2B8 /* SongsDetails */,
				F336DDB52216B6DC0079B05D /* AppDelegate.swift */,
				F336DDBC2216B6DE0079B05D /* Assets.xcassets */,
				F336DDB92216B6DC0079B05D /* Main.storyboard */,
				F336DDBE2216B6DE0079B05D /* LaunchScreen.storyboard */,
				F336DDC12216B6DE0079B05D /* Info.plist */,
				3DEEAA013A8E2F14973CB22A /* GoogleService-Info.plist */,
				3DEEAF711A4474FA4F274C26 /* Songhound-Bridging-Header.h */,
				3DEEA8C8B224B2A637C744A1 /* LocationManagerProtocol.h */,
				3DEEAAC205B6F5EA3C195849 /* CustomArtistsView.xib */,
			);
			path = Songhound;
			sourceTree = "<group>";
		};
		F336DDC92216B6DE0079B05D /* SonghoundTests */ = {
			isa = PBXGroup;
			children = (
				F325AB6B22369F9300C3E344 /* Songslist */,
				F336DDCC2216B6DE0079B05D /* Info.plist */,
				3DEEA55DB13DB618F6D1E0CB /* SongListFeatureTests.swift */,
				3DEEA1F4855E771460594B39 /* Common */,
			);
			path = SonghoundTests;
			sourceTree = "<group>";
		};
		F365F13F222D128600F447A6 /* Presenter */ = {
			isa = PBXGroup;
			children = (
				3DEEA2ECF1E37AFC80826791 /* SongDetailPresenter.swift */,
			);
			path = Presenter;
			sourceTree = "<group>";
		};
		F365F140222D12A000F447A6 /* Protocols */ = {
			isa = PBXGroup;
			children = (
				3DEEA90E5FC965572DBE6A97 /* SongDetailsProtocols.swift */,
			);
			path = Protocols;
			sourceTree = "<group>";
		};
		F365F141222D12AE00F447A6 /* View */ = {
			isa = PBXGroup;
			children = (
				F325AB6722365CB700C3E344 /* SongDetailViewController.swift */,
			);
			path = View;
			sourceTree = "<group>";
		};
		F365F142222D12BA00F447A6 /* WireFrame */ = {
			isa = PBXGroup;
			children = (
				F325AB6922365F5000C3E344 /* SongDetailsWireFrame.swift */,
			);
			path = WireFrame;
			sourceTree = "<group>";
		};
		F365F143222D130F00F447A6 /* ArtistsSongsList */ = {
			isa = PBXGroup;
			children = (
				F38D20E9222FA91B002BD13D /* DataManager */,
				F365F14A222D1FEC00F447A6 /* Protocol */,
				F365F147222D13AA00F447A6 /* View */,
				F365F145222D139000F447A6 /* Interactor */,
				F365F146222D139900F447A6 /* WireFrame */,
				F365F144222D137600F447A6 /* Presenter */,
			);
			path = ArtistsSongsList;
			sourceTree = "<group>";
		};
		F365F144222D137600F447A6 /* Presenter */ = {
			isa = PBXGroup;
			children = (
				F365F157222D2E1D00F447A6 /* ArtistSongListViewPresenter.swift */,
			);
			path = Presenter;
			sourceTree = "<group>";
		};
		F365F145222D139000F447A6 /* Interactor */ = {
			isa = PBXGroup;
			children = (
				F38D20E7222FA051002BD13D /* ArtistSongsListInteractor.swift */,
			);
			path = Interactor;
			sourceTree = "<group>";
		};
		F365F146222D139900F447A6 /* WireFrame */ = {
			isa = PBXGroup;
			children = (
				F365F152222D271800F447A6 /* ArtistsListViewWireFrame.swift */,
			);
			path = WireFrame;
			sourceTree = "<group>";
		};
		F365F147222D13AA00F447A6 /* View */ = {
			isa = PBXGroup;
			children = (
				F33E6CF2221BF07F00CFBB23 /* ArtistTableViewCell.swift */,
				F365F148222D1E5C00F447A6 /* ArtistsListViewController.swift */,
			);
			path = View;
			sourceTree = "<group>";
		};
		F365F14A222D1FEC00F447A6 /* Protocol */ = {
			isa = PBXGroup;
			children = (
				F365F14B222D201900F447A6 /* ArtistListViewProtocol.swift */,
			);
			path = Protocol;
			sourceTree = "<group>";
		};
		F365F14F222D228500F447A6 /* Protocol */ = {
			isa = PBXGroup;
			children = (
				F365F150222D22BA00F447A6 /* CommonNetworkProtocol.swift */,
			);
			path = Protocol;
			sourceTree = "<group>";
		};
		F365F154222D2A2400F447A6 /* WireFrame */ = {
			isa = PBXGroup;
			children = (
				F365F155222D2A3D00F447A6 /* WireFrameUtils.swift */,
			);
			path = WireFrame;
			sourceTree = "<group>";
		};
		F36EE48F222928790083B2B8 /* Common */ = {
			isa = PBXGroup;
			children = (
				F365F154222D2A2400F447A6 /* WireFrame */,
				F365F14F222D228500F447A6 /* Protocol */,
				F33E6CF6221BFBD100CFBB23 /* UIUtils.swift */,
				F30FDB692229CC7600D48E96 /* Extensions.swift */,
				F30FDB6F222A1F1300D48E96 /* Endpoints.swift */,
				3DEEAF24EE3FB0A53495DA5A /* Utils.swift */,
			);
			path = Common;
			sourceTree = "<group>";
		};
		F36EE4902229289C0083B2B8 /* Entities */ = {
			isa = PBXGroup;
			children = (
				F397DD86221A02B500D28E3C /* Song.swift */,
				3DEEAEC37B554FECEBB2749F /* User.swift */,
				F33E6CF4221BF3A300CFBB23 /* Artist.swift */,
				F36EE49E222940A60083B2B8 /* SongModel.swift */,
				F30FDB71222BCA7300D48E96 /* ModelResponse.swift */,
				F365F13D222D0BBB00F447A6 /* ArtistModel.swift */,
			);
			path = Entities;
			sourceTree = "<group>";
		};
		F36EE491222928B70083B2B8 /* SongsDetails */ = {
			isa = PBXGroup;
			children = (
				F365F142222D12BA00F447A6 /* WireFrame */,
				F365F141222D12AE00F447A6 /* View */,
				F365F140222D12A000F447A6 /* Protocols */,
				F365F13F222D128600F447A6 /* Presenter */,
				F345CC79221EB5CA00E2BDFA /* SongsViewController.swift */,
			);
			path = SongsDetails;
			sourceTree = "<group>";
		};
		F36EE493222928E20083B2B8 /* SongsList */ = {
			isa = PBXGroup;
			children = (
				F36EE49422292C5B0083B2B8 /* DataManager */,
				F36EE49522292C880083B2B8 /* Interactor */,
				F36EE49622292CAB0083B2B8 /* Presenter */,
				F36EE49722292CB70083B2B8 /* Protocols */,
				F36EE49922292CE00083B2B8 /* View */,
				F36EE49822292CC50083B2B8 /* WireFrame */,
			);
			path = SongsList;
			sourceTree = "<group>";
		};
		F36EE49422292C5B0083B2B8 /* DataManager */ = {
			isa = PBXGroup;
			children = (
				F30FDB6D222A1D4100D48E96 /* SongListRemoteDataManager.swift */,
			);
			path = DataManager;
			sourceTree = "<group>";
		};
		F36EE49522292C880083B2B8 /* Interactor */ = {
			isa = PBXGroup;
			children = (
				F36EE4A0222956C20083B2B8 /* SongsListInterator.swift */,
			);
			path = Interactor;
			sourceTree = "<group>";
		};
		F36EE49622292CAB0083B2B8 /* Presenter */ = {
			isa = PBXGroup;
			children = (
				F36EE49C222938930083B2B8 /* SongsListViewPresenter.swift */,
			);
			path = Presenter;
			sourceTree = "<group>";
		};
		F36EE49722292CB70083B2B8 /* Protocols */ = {
			isa = PBXGroup;
			children = (
				F36EE49A222935930083B2B8 /* SongsListViewProtocols.swift */,
			);
			path = Protocols;
			sourceTree = "<group>";
		};
		F36EE49822292CC50083B2B8 /* WireFrame */ = {
			isa = PBXGroup;
			children = (
				F30FDB6B2229E39300D48E96 /* SongsListWireFrame.swift */,
			);
			path = WireFrame;
			sourceTree = "<group>";
		};
		F36EE49922292CE00083B2B8 /* View */ = {
			isa = PBXGroup;
			children = (
				F36EE4A2222970690083B2B8 /* SongsListViewController.swift */,
				3DEEA50CE290DB4522845E0E /* CustomArtistsView.swift */,
				3DEEA463397D8AD54D212B61 /* SongsListViewController+SongsListViewProtocol.swift */,
				3DEEA0470632E06F8490744D /* SongsListViewController+UITableViewDelegate.swift */,
				3DEEA19EE1F2B56101EC18AD /* SongsListViewController+GoogleSignInDelegate.swift */,
				3DEEA7D80709413E7879E3B1 /* SongsListViewController+LocationManager.swift */,
			);
			path = View;
			sourceTree = "<group>";
		};
		F38D20E9222FA91B002BD13D /* DataManager */ = {
			isa = PBXGroup;
			children = (
				F38D20EA222FA949002BD13D /* Remote */,
			);
			path = DataManager;
			sourceTree = "<group>";
		};
		F38D20EA222FA949002BD13D /* Remote */ = {
			isa = PBXGroup;
			children = (
				F38D20EB222FAA38002BD13D /* ArtistsSongsListRemoteDataManager .swift */,
			);
			path = Remote;
			sourceTree = "<group>";
		};
		F3F91CC42237E7B2006C0D6D /* ArtistsList */ = {
			isa = PBXGroup;
			children = (
				F3F91CCA2237E82B006C0D6D /* Presenter */,
				F3F91CC92237E819006C0D6D /* WireFrame */,
				F3F91CC82237E809006C0D6D /* DataManager */,
				F3F91CC72237E7FD006C0D6D /* View */,
				F3F91CC52237E7DF006C0D6D /* Protocols */,
				3DEEA60232D7EE0388E9B137 /* Interactor */,
			);
			path = ArtistsList;
			sourceTree = "<group>";
		};
		F3F91CC52237E7DF006C0D6D /* Protocols */ = {
			isa = PBXGroup;
			children = (
				F3F91CCB2237E8EA006C0D6D /* ArtistsListProtocols.swift */,
			);
			path = Protocols;
			sourceTree = "<group>";
		};
		F3F91CC72237E7FD006C0D6D /* View */ = {
			isa = PBXGroup;
			children = (
				3DEEA1BE49DB22FC0488807D /* ArtistListViewController.swift */,
				3DEEA0782460153FDF0D7021 /* TopSongsByArtistViewController.swift */,
				3DEEAE5FF26EB3EC23EE200D /* SongTableViewCell.swift */,
			);
			path = View;
			sourceTree = "<group>";
		};
		F3F91CC82237E809006C0D6D /* DataManager */ = {
			isa = PBXGroup;
			children = (
				3DEEA46C9C0CBE79656CF218 /* Remote */,
			);
			path = DataManager;
			sourceTree = "<group>";
		};
		F3F91CC92237E819006C0D6D /* WireFrame */ = {
			isa = PBXGroup;
			children = (
				3DEEA70E8C8E12EDA2235294 /* ArtistListWireFrame.swift */,
			);
			path = WireFrame;
			sourceTree = "<group>";
		};
		F3F91CCA2237E82B006C0D6D /* Presenter */ = {
			isa = PBXGroup;
			children = (
				3DEEA9A4A963D2A744B98069 /* ArtistListPresenter.swift */,
			);
			path = Presenter;
			sourceTree = "<group>";
		};
/* End PBXGroup section */

/* Begin PBXNativeTarget section */
		F31BB454223F994700E986AF /* SonghoundUITests */ = {
			isa = PBXNativeTarget;
			buildConfigurationList = F31BB45E223F994700E986AF /* Build configuration list for PBXNativeTarget "SonghoundUITests" */;
			buildPhases = (
				F31BB451223F994700E986AF /* Sources */,
				F31BB452223F994700E986AF /* Frameworks */,
				F31BB453223F994700E986AF /* Resources */,
			);
			buildRules = (
			);
			dependencies = (
				F31BB45B223F994700E986AF /* PBXTargetDependency */,
			);
			name = SonghoundUITests;
			productName = SonghoundUITests;
			productReference = F31BB455223F994700E986AF /* SonghoundUITests.xctest */;
			productType = "com.apple.product-type.bundle.ui-testing";
		};
		F336DDB12216B6DB0079B05D /* Songhound */ = {
			isa = PBXNativeTarget;
			buildConfigurationList = F336DDDA2216B6DE0079B05D /* Build configuration list for PBXNativeTarget "Songhound" */;
			buildPhases = (
				D2D85150A956D11540BD4F4A /* [CP] Check Pods Manifest.lock */,
				F336DDAE2216B6DB0079B05D /* Sources */,
				F336DDAF2216B6DB0079B05D /* Frameworks */,
				F336DDB02216B6DB0079B05D /* Resources */,
				FAAA36D89E16A8B253200C1F /* [CP] Copy Pods Resources */,
				52F5BAF05FDE84EF0DCC50B6 /* [CP] Embed Pods Frameworks */,
				F33E6D03221D6E9000CFBB23 /* ShellScript */,
			);
			buildRules = (
			);
			dependencies = (
			);
			name = Songhound;
			productName = Songhound;
			productReference = F336DDB22216B6DC0079B05D /* Songhound.app */;
			productType = "com.apple.product-type.application";
		};
		F336DDC52216B6DE0079B05D /* SonghoundTests */ = {
			isa = PBXNativeTarget;
			buildConfigurationList = F336DDDD2216B6DE0079B05D /* Build configuration list for PBXNativeTarget "SonghoundTests" */;
			buildPhases = (
				7FF14267EB31521F98A0B318 /* [CP] Check Pods Manifest.lock */,
				F336DDC22216B6DE0079B05D /* Sources */,
				F336DDC32216B6DE0079B05D /* Frameworks */,
				F336DDC42216B6DE0079B05D /* Resources */,
			);
			buildRules = (
			);
			dependencies = (
				F336DDC82216B6DE0079B05D /* PBXTargetDependency */,
			);
			name = SonghoundTests;
			productName = SonghoundTests;
			productReference = F336DDC62216B6DE0079B05D /* SonghoundTests.xctest */;
			productType = "com.apple.product-type.bundle.unit-test";
		};
/* End PBXNativeTarget section */

/* Begin PBXProject section */
		F336DDAA2216B6DB0079B05D /* Project object */ = {
			isa = PBXProject;
			attributes = {
				LastSwiftUpdateCheck = 1010;
				LastUpgradeCheck = 1010;
				ORGANIZATIONNAME = "Divine Dube";
				TargetAttributes = {
					F31BB454223F994700E986AF = {
						CreatedOnToolsVersion = 10.1;
						TestTargetID = F336DDB12216B6DB0079B05D;
					};
					F336DDB12216B6DB0079B05D = {
						CreatedOnToolsVersion = 10.1;
						LastSwiftMigration = 1010;
						SystemCapabilities = {
							com.apple.Maps.iOS = {
								enabled = 0;
							};
						};
					};
					F336DDC52216B6DE0079B05D = {
						CreatedOnToolsVersion = 10.1;
						TestTargetID = F336DDB12216B6DB0079B05D;
					};
				};
			};
			buildConfigurationList = F336DDAD2216B6DB0079B05D /* Build configuration list for PBXProject "Songhound" */;
			compatibilityVersion = "Xcode 9.3";
			developmentRegion = en;
			hasScannedForEncodings = 0;
			knownRegions = (
				en,
				Base,
			);
			mainGroup = F336DDA92216B6DB0079B05D;
			productRefGroup = F336DDB32216B6DC0079B05D /* Products */;
			projectDirPath = "";
			projectRoot = "";
			targets = (
				F336DDB12216B6DB0079B05D /* Songhound */,
				F336DDC52216B6DE0079B05D /* SonghoundTests */,
				F31BB454223F994700E986AF /* SonghoundUITests */,
			);
		};
/* End PBXProject section */

/* Begin PBXResourcesBuildPhase section */
		F31BB453223F994700E986AF /* Resources */ = {
			isa = PBXResourcesBuildPhase;
			buildActionMask = 2147483647;
			files = (
			);
			runOnlyForDeploymentPostprocessing = 0;
		};
		F336DDB02216B6DB0079B05D /* Resources */ = {
			isa = PBXResourcesBuildPhase;
			buildActionMask = 2147483647;
			files = (
				F336DDC02216B6DE0079B05D /* LaunchScreen.storyboard in Resources */,
				F336DDBD2216B6DE0079B05D /* Assets.xcassets in Resources */,
				F336DDBB2216B6DC0079B05D /* Main.storyboard in Resources */,
				3DEEA78A48252B1B213C57A5 /* GoogleService-Info.plist in Resources */,
				3DEEA25822909C6EEA77E46C /* CustomArtistsView.xib in Resources */,
			);
			runOnlyForDeploymentPostprocessing = 0;
		};
		F336DDC42216B6DE0079B05D /* Resources */ = {
			isa = PBXResourcesBuildPhase;
			buildActionMask = 2147483647;
			files = (
				3DEEA678903341F762630F11 /* songs.json in Resources */,
				3DEEAD9FBFF03A54D1589247 /* artsits.json in Resources */,
			);
			runOnlyForDeploymentPostprocessing = 0;
		};
/* End PBXResourcesBuildPhase section */

/* Begin PBXShellScriptBuildPhase section */
		52F5BAF05FDE84EF0DCC50B6 /* [CP] Embed Pods Frameworks */ = {
			isa = PBXShellScriptBuildPhase;
			buildActionMask = 2147483647;
			files = (
			);
			inputFileListPaths = (
			);
			inputPaths = (
				"${SRCROOT}/Pods/Target Support Files/Pods-Songhound/Pods-Songhound-frameworks.sh",
				"${BUILT_PRODUCTS_DIR}/Alamofire/Alamofire.framework",
				"${BUILT_PRODUCTS_DIR}/AlamofireObjectMapper/AlamofireObjectMapper.framework",
				"${BUILT_PRODUCTS_DIR}/GTMSessionFetcher/GTMSessionFetcher.framework",
				"${BUILT_PRODUCTS_DIR}/GoogleToolboxForMac/GoogleToolboxForMac.framework",
				"${BUILT_PRODUCTS_DIR}/GoogleUtilities/GoogleUtilities.framework",
				"${BUILT_PRODUCTS_DIR}/ObjectMapper/ObjectMapper.framework",
				"${BUILT_PRODUCTS_DIR}/PKHUD/PKHUD.framework",
				"${BUILT_PRODUCTS_DIR}/Swifter/Swifter.framework",
				"${BUILT_PRODUCTS_DIR}/SwiftyJSON/SwiftyJSON.framework",
				"${BUILT_PRODUCTS_DIR}/leveldb-library/leveldb.framework",
				"${BUILT_PRODUCTS_DIR}/nanopb/nanopb.framework",
			);
			name = "[CP] Embed Pods Frameworks";
			outputFileListPaths = (
			);
			outputPaths = (
				"${TARGET_BUILD_DIR}/${FRAMEWORKS_FOLDER_PATH}/Alamofire.framework",
				"${TARGET_BUILD_DIR}/${FRAMEWORKS_FOLDER_PATH}/AlamofireObjectMapper.framework",
				"${TARGET_BUILD_DIR}/${FRAMEWORKS_FOLDER_PATH}/GTMSessionFetcher.framework",
				"${TARGET_BUILD_DIR}/${FRAMEWORKS_FOLDER_PATH}/GoogleToolboxForMac.framework",
				"${TARGET_BUILD_DIR}/${FRAMEWORKS_FOLDER_PATH}/GoogleUtilities.framework",
				"${TARGET_BUILD_DIR}/${FRAMEWORKS_FOLDER_PATH}/ObjectMapper.framework",
				"${TARGET_BUILD_DIR}/${FRAMEWORKS_FOLDER_PATH}/PKHUD.framework",
				"${TARGET_BUILD_DIR}/${FRAMEWORKS_FOLDER_PATH}/Swifter.framework",
				"${TARGET_BUILD_DIR}/${FRAMEWORKS_FOLDER_PATH}/SwiftyJSON.framework",
				"${TARGET_BUILD_DIR}/${FRAMEWORKS_FOLDER_PATH}/leveldb.framework",
				"${TARGET_BUILD_DIR}/${FRAMEWORKS_FOLDER_PATH}/nanopb.framework",
			);
			runOnlyForDeploymentPostprocessing = 0;
			shellPath = /bin/sh;
			shellScript = "\"${SRCROOT}/Pods/Target Support Files/Pods-Songhound/Pods-Songhound-frameworks.sh\"\n";
			showEnvVarsInLog = 0;
		};
		7FF14267EB31521F98A0B318 /* [CP] Check Pods Manifest.lock */ = {
			isa = PBXShellScriptBuildPhase;
			buildActionMask = 2147483647;
			files = (
			);
			inputFileListPaths = (
			);
			inputPaths = (
				"${PODS_PODFILE_DIR_PATH}/Podfile.lock",
				"${PODS_ROOT}/Manifest.lock",
			);
			name = "[CP] Check Pods Manifest.lock";
			outputFileListPaths = (
			);
			outputPaths = (
				"$(DERIVED_FILE_DIR)/Pods-SonghoundTests-checkManifestLockResult.txt",
			);
			runOnlyForDeploymentPostprocessing = 0;
			shellPath = /bin/sh;
			shellScript = "diff \"${PODS_PODFILE_DIR_PATH}/Podfile.lock\" \"${PODS_ROOT}/Manifest.lock\" > /dev/null\nif [ $? != 0 ] ; then\n    # print error to STDERR\n    echo \"error: The sandbox is not in sync with the Podfile.lock. Run 'pod install' or update your CocoaPods installation.\" >&2\n    exit 1\nfi\n# This output is used by Xcode 'outputs' to avoid re-running this script phase.\necho \"SUCCESS\" > \"${SCRIPT_OUTPUT_FILE_0}\"\n";
			showEnvVarsInLog = 0;
		};
		D2D85150A956D11540BD4F4A /* [CP] Check Pods Manifest.lock */ = {
			isa = PBXShellScriptBuildPhase;
			buildActionMask = 2147483647;
			files = (
			);
			inputFileListPaths = (
			);
			inputPaths = (
				"${PODS_PODFILE_DIR_PATH}/Podfile.lock",
				"${PODS_ROOT}/Manifest.lock",
			);
			name = "[CP] Check Pods Manifest.lock";
			outputFileListPaths = (
			);
			outputPaths = (
				"$(DERIVED_FILE_DIR)/Pods-Songhound-checkManifestLockResult.txt",
			);
			runOnlyForDeploymentPostprocessing = 0;
			shellPath = /bin/sh;
			shellScript = "diff \"${PODS_PODFILE_DIR_PATH}/Podfile.lock\" \"${PODS_ROOT}/Manifest.lock\" > /dev/null\nif [ $? != 0 ] ; then\n    # print error to STDERR\n    echo \"error: The sandbox is not in sync with the Podfile.lock. Run 'pod install' or update your CocoaPods installation.\" >&2\n    exit 1\nfi\n# This output is used by Xcode 'outputs' to avoid re-running this script phase.\necho \"SUCCESS\" > \"${SCRIPT_OUTPUT_FILE_0}\"\n";
			showEnvVarsInLog = 0;
		};
		F33E6D03221D6E9000CFBB23 /* ShellScript */ = {
			isa = PBXShellScriptBuildPhase;
			buildActionMask = 2147483647;
			files = (
			);
			inputFileListPaths = (
			);
			inputPaths = (
			);
			outputFileListPaths = (
			);
			outputPaths = (
			);
			runOnlyForDeploymentPostprocessing = 0;
			shellPath = /bin/sh;
			shellScript = "
";
		};
		FAAA36D89E16A8B253200C1F /* [CP] Copy Pods Resources */ = {
			isa = PBXShellScriptBuildPhase;
			buildActionMask = 2147483647;
			files = (
			);
			inputFileListPaths = (
			);
			inputPaths = (
				"${SRCROOT}/Pods/Target Support Files/Pods-Songhound/Pods-Songhound-resources.sh",
				"${PODS_ROOT}/GoogleMaps/Maps/Frameworks/GoogleMaps.framework/Resources/GoogleMaps.bundle",
				"${PODS_ROOT}/GooglePlaces/Frameworks/GooglePlaces.framework/Resources/GooglePlaces.bundle",
				"${PODS_ROOT}/GoogleSignIn/Resources/GoogleSignIn.bundle",
			);
			name = "[CP] Copy Pods Resources";
			outputFileListPaths = (
			);
			outputPaths = (
				"${TARGET_BUILD_DIR}/${UNLOCALIZED_RESOURCES_FOLDER_PATH}/GoogleMaps.bundle",
				"${TARGET_BUILD_DIR}/${UNLOCALIZED_RESOURCES_FOLDER_PATH}/GooglePlaces.bundle",
				"${TARGET_BUILD_DIR}/${UNLOCALIZED_RESOURCES_FOLDER_PATH}/GoogleSignIn.bundle",
			);
			runOnlyForDeploymentPostprocessing = 0;
			shellPath = /bin/sh;
			shellScript = "\"${SRCROOT}/Pods/Target Support Files/Pods-Songhound/Pods-Songhound-resources.sh\"\n";
			showEnvVarsInLog = 0;
		};
/* End PBXShellScriptBuildPhase section */

/* Begin PBXSourcesBuildPhase section */
		F31BB451223F994700E986AF /* Sources */ = {
			isa = PBXSourcesBuildPhase;
			buildActionMask = 2147483647;
			files = (
				F31BB460223F9AA900E986AF /* SongsListUITest.swift in Sources */,
				F31BB458223F994700E986AF /* SonghoundUITests.swift in Sources */,
			);
			runOnlyForDeploymentPostprocessing = 0;
		};
		F336DDAE2216B6DB0079B05D /* Sources */ = {
			isa = PBXSourcesBuildPhase;
			buildActionMask = 2147483647;
			files = (
				F345CC7A221EB5CA00E2BDFA /* SongsViewController.swift in Sources */,
				F36EE49B222935930083B2B8 /* SongsListViewProtocols.swift in Sources */,
				F365F151222D22BA00F447A6 /* CommonNetworkProtocol.swift in Sources */,
				F38D20E8222FA051002BD13D /* ArtistSongsListInteractor.swift in Sources */,
				F365F149222D1E5C00F447A6 /* ArtistsListViewController.swift in Sources */,
				F36EE4A1222956C20083B2B8 /* SongsListInterator.swift in Sources */,
				F36EE4A3222970690083B2B8 /* SongsListViewController.swift in Sources */,
				F397DD87221A02B500D28E3C /* Song.swift in Sources */,
				F36EE49D222938930083B2B8 /* SongsListViewPresenter.swift in Sources */,
				F365F13E222D0BBB00F447A6 /* ArtistModel.swift in Sources */,
				F33E6CF3221BF07F00CFBB23 /* ArtistTableViewCell.swift in Sources */,
				F336DDB62216B6DC0079B05D /* AppDelegate.swift in Sources */,
				F33E6CF5221BF3A300CFBB23 /* Artist.swift in Sources */,
				F365F153222D271800F447A6 /* ArtistsListViewWireFrame.swift in Sources */,
				F36EE49F222940A60083B2B8 /* SongModel.swift in Sources */,
				F365F14C222D201900F447A6 /* ArtistListViewProtocol.swift in Sources */,
				F33E6CF7221BFBD100CFBB23 /* UIUtils.swift in Sources */,
				F325AB6A22365F5000C3E344 /* SongDetailsWireFrame.swift in Sources */,
				F365F158222D2E1D00F447A6 /* ArtistSongListViewPresenter.swift in Sources */,
				F30FDB70222A1F1300D48E96 /* Endpoints.swift in Sources */,
				F38D20EC222FAA38002BD13D /* ArtistsSongsListRemoteDataManager .swift in Sources */,
				F30FDB72222BCA7300D48E96 /* ModelResponse.swift in Sources */,
				F30FDB6A2229CC7600D48E96 /* Extensions.swift in Sources */,
				F30FDB6C2229E39300D48E96 /* SongsListWireFrame.swift in Sources */,
				F365F156222D2A3D00F447A6 /* WireFrameUtils.swift in Sources */,
				3DEEAB0EA2AE6CA6208CBC27 /* User.swift in Sources */,
				F3F91CCC2237E8EA006C0D6D /* ArtistsListProtocols.swift in Sources */,
				F30FDB6E222A1D4100D48E96 /* SongListRemoteDataManager.swift in Sources */,
				F325AB6822365CB700C3E344 /* SongDetailViewController.swift in Sources */,
				3DEEAED0EF9B4CAB7B24212A /* SongDetailsProtocols.swift in Sources */,
				3DEEA4A7DD517E79690D929E /* SongDetailPresenter.swift in Sources */,
				3DEEA3639B61D61C7CEED164 /* ArtistListPresenter.swift in Sources */,
				3DEEAD0DB1A7C753C1BE2BBA /* ArtistListViewController.swift in Sources */,
				3DEEAF9690DF0C7EB38A67E1 /* TopSongsByArtistViewController.swift in Sources */,
				3DEEA52AE375D6A75323D45B /* ArtistListInteractor.swift in Sources */,
				3DEEA8656BE2BED91F653AE1 /* ArtistListRemoteDataManager.swift in Sources */,
				3DEEA111347B126E3B430038 /* ArtistListWireFrame.swift in Sources */,
				3DEEA55BAD2385E63DF93465 /* SongTableViewCell.swift in Sources */,
				3DEEA823CF91481FAAEEA8BB /* Server.swift in Sources */,
				3DEEA213B8D488ABF5CB0938 /* MockEndpoints.swift in Sources */,
				3DEEADFAFD482273CD970267 /* CustomArtistsView.swift in Sources */,
				3DEEA8AEB11A7DCF65C552CF /* SongsListViewController+SongsListViewProtocol.swift in Sources */,
				3DEEA506C462AEF16C441926 /* SongsListViewController+UITableViewDelegate.swift in Sources */,
				3DEEA5FB3BBDF00FF43E903E /* SongsListViewController+GoogleSignInDelegate.swift in Sources */,
				3DEEA1D0EF97E5CAA30EFCF0 /* SongsListViewController+LocationManager.swift in Sources */,
			);
			runOnlyForDeploymentPostprocessing = 0;
		};
		F336DDC22216B6DE0079B05D /* Sources */ = {
			isa = PBXSourcesBuildPhase;
			buildActionMask = 2147483647;
			files = (
				3DEEA36EBD0201F665B86258 /* SongListFeatureTests.swift in Sources */,
				3DEEAC28D16A7E489B24D262 /* SongListPresenterTests.swift in Sources */,
				3DEEA76CD49126F2C8067DA6 /* Mocks.swift in Sources */,
				3DEEAE09A28F8520ED22D298 /* SongsListInteractorTests.swift in Sources */,
				3DEEA5423A10E50788B2782F /* SongsListDataManagerTest.swift in Sources */,
				3DEEA43F24D8D414206BCB56 /* SongsListViewController+SongsListViewProtocol.swift in Sources */,
				3DEEA75D77974A34D06C7CFB /* SongsListViewController+UITableViewDelegate.swift in Sources */,
				3DEEA996372F353A9B4F445B /* SongsListViewController+GoogleSignInDelegate.swift in Sources */,
				3DEEA3B4EE22BA365BFE054F /* SongsListViewController+LocationManager.swift in Sources */,
			);
			runOnlyForDeploymentPostprocessing = 0;
		};
/* End PBXSourcesBuildPhase section */

/* Begin PBXTargetDependency section */
		F31BB45B223F994700E986AF /* PBXTargetDependency */ = {
			isa = PBXTargetDependency;
			target = F336DDB12216B6DB0079B05D /* Songhound */;
			targetProxy = F31BB45A223F994700E986AF /* PBXContainerItemProxy */;
		};
		F336DDC82216B6DE0079B05D /* PBXTargetDependency */ = {
			isa = PBXTargetDependency;
			target = F336DDB12216B6DB0079B05D /* Songhound */;
			targetProxy = F336DDC72216B6DE0079B05D /* PBXContainerItemProxy */;
		};
/* End PBXTargetDependency section */

/* Begin PBXVariantGroup section */
		F336DDB92216B6DC0079B05D /* Main.storyboard */ = {
			isa = PBXVariantGroup;
			children = (
				F336DDBA2216B6DC0079B05D /* Base */,
			);
			name = Main.storyboard;
			sourceTree = "<group>";
		};
		F336DDBE2216B6DE0079B05D /* LaunchScreen.storyboard */ = {
			isa = PBXVariantGroup;
			children = (
				F336DDBF2216B6DE0079B05D /* Base */,
			);
			name = LaunchScreen.storyboard;
			sourceTree = "<group>";
		};
/* End PBXVariantGroup section */

/* Begin XCBuildConfiguration section */
		F31BB45C223F994700E986AF /* Debug */ = {
			isa = XCBuildConfiguration;
			buildSettings = {
				CODE_SIGN_STYLE = Automatic;
				DEFINES_MODULE = YES;
				DEVELOPMENT_TEAM = FA8D45S82T;
				INFOPLIST_FILE = SonghoundUITests/Info.plist;
				LD_RUNPATH_SEARCH_PATHS = (
					"$(inherited)",
					"@executable_path/Frameworks",
					"@loader_path/Frameworks",
				);
				PRODUCT_BUNDLE_IDENTIFIER = za.co.dubedivine.ios.SonghoundTests.SonghoundUITests;
				PRODUCT_NAME = "$(TARGET_NAME)";
				SWIFT_VERSION = 4.2;
				TARGETED_DEVICE_FAMILY = "1,2";
				TEST_TARGET_NAME = Songhound;
			};
			name = Debug;
		};
		F31BB45D223F994700E986AF /* Release */ = {
			isa = XCBuildConfiguration;
			buildSettings = {
				CODE_SIGN_STYLE = Automatic;
				DEFINES_MODULE = YES;
				DEVELOPMENT_TEAM = FA8D45S82T;
				INFOPLIST_FILE = SonghoundUITests/Info.plist;
				LD_RUNPATH_SEARCH_PATHS = (
					"$(inherited)",
					"@executable_path/Frameworks",
					"@loader_path/Frameworks",
				);
				PRODUCT_BUNDLE_IDENTIFIER = za.co.dubedivine.ios.SonghoundTests.SonghoundUITests;
				PRODUCT_NAME = "$(TARGET_NAME)";
				SWIFT_VERSION = 4.2;
				TARGETED_DEVICE_FAMILY = "1,2";
				TEST_TARGET_NAME = Songhound;
			};
			name = Release;
		};
		F336DDD82216B6DE0079B05D /* Debug */ = {
			isa = XCBuildConfiguration;
			buildSettings = {
				ALWAYS_SEARCH_USER_PATHS = NO;
				CLANG_ANALYZER_NONNULL = YES;
				CLANG_ANALYZER_NUMBER_OBJECT_CONVERSION = YES_AGGRESSIVE;
				CLANG_CXX_LANGUAGE_STANDARD = "gnu++14";
				CLANG_CXX_LIBRARY = "libc++";
				CLANG_ENABLE_MODULES = YES;
				CLANG_ENABLE_OBJC_ARC = YES;
				CLANG_ENABLE_OBJC_WEAK = YES;
				CLANG_WARN_BLOCK_CAPTURE_AUTORELEASING = YES;
				CLANG_WARN_BOOL_CONVERSION = YES;
				CLANG_WARN_COMMA = YES;
				CLANG_WARN_CONSTANT_CONVERSION = YES;
				CLANG_WARN_DEPRECATED_OBJC_IMPLEMENTATIONS = YES;
				CLANG_WARN_DIRECT_OBJC_ISA_USAGE = YES_ERROR;
				CLANG_WARN_DOCUMENTATION_COMMENTS = YES;
				CLANG_WARN_EMPTY_BODY = YES;
				CLANG_WARN_ENUM_CONVERSION = YES;
				CLANG_WARN_INFINITE_RECURSION = YES;
				CLANG_WARN_INT_CONVERSION = YES;
				CLANG_WARN_NON_LITERAL_NULL_CONVERSION = YES;
				CLANG_WARN_OBJC_IMPLICIT_RETAIN_SELF = YES;
				CLANG_WARN_OBJC_LITERAL_CONVERSION = YES;
				CLANG_WARN_OBJC_ROOT_CLASS = YES_ERROR;
				CLANG_WARN_RANGE_LOOP_ANALYSIS = YES;
				CLANG_WARN_STRICT_PROTOTYPES = YES;
				CLANG_WARN_SUSPICIOUS_MOVE = YES;
				CLANG_WARN_UNGUARDED_AVAILABILITY = YES_AGGRESSIVE;
				CLANG_WARN_UNREACHABLE_CODE = YES;
				CLANG_WARN__DUPLICATE_METHOD_MATCH = YES;
				CODE_SIGN_IDENTITY = "iPhone Developer";
				COPY_PHASE_STRIP = NO;
				DEBUG_INFORMATION_FORMAT = dwarf;
				ENABLE_STRICT_OBJC_MSGSEND = YES;
				ENABLE_TESTABILITY = YES;
				GCC_C_LANGUAGE_STANDARD = gnu11;
				GCC_DYNAMIC_NO_PIC = NO;
				GCC_NO_COMMON_BLOCKS = YES;
				GCC_OPTIMIZATION_LEVEL = 0;
				GCC_PREPROCESSOR_DEFINITIONS = (
					"DEBUG=1",
					"$(inherited)",
				);
				GCC_WARN_64_TO_32_BIT_CONVERSION = YES;
				GCC_WARN_ABOUT_RETURN_TYPE = YES_ERROR;
				GCC_WARN_UNDECLARED_SELECTOR = YES;
				GCC_WARN_UNINITIALIZED_AUTOS = YES_AGGRESSIVE;
				GCC_WARN_UNUSED_FUNCTION = YES;
				GCC_WARN_UNUSED_VARIABLE = YES;
				IPHONEOS_DEPLOYMENT_TARGET = 12.1;
				MTL_ENABLE_DEBUG_INFO = INCLUDE_SOURCE;
				MTL_FAST_MATH = YES;
				ONLY_ACTIVE_ARCH = YES;
				SDKROOT = iphoneos;
				SWIFT_ACTIVE_COMPILATION_CONDITIONS = DEBUG;
				SWIFT_OPTIMIZATION_LEVEL = "-Onone";
			};
			name = Debug;
		};
		F336DDD92216B6DE0079B05D /* Release */ = {
			isa = XCBuildConfiguration;
			buildSettings = {
				ALWAYS_SEARCH_USER_PATHS = NO;
				CLANG_ANALYZER_NONNULL = YES;
				CLANG_ANALYZER_NUMBER_OBJECT_CONVERSION = YES_AGGRESSIVE;
				CLANG_CXX_LANGUAGE_STANDARD = "gnu++14";
				CLANG_CXX_LIBRARY = "libc++";
				CLANG_ENABLE_MODULES = YES;
				CLANG_ENABLE_OBJC_ARC = YES;
				CLANG_ENABLE_OBJC_WEAK = YES;
				CLANG_WARN_BLOCK_CAPTURE_AUTORELEASING = YES;
				CLANG_WARN_BOOL_CONVERSION = YES;
				CLANG_WARN_COMMA = YES;
				CLANG_WARN_CONSTANT_CONVERSION = YES;
				CLANG_WARN_DEPRECATED_OBJC_IMPLEMENTATIONS = YES;
				CLANG_WARN_DIRECT_OBJC_ISA_USAGE = YES_ERROR;
				CLANG_WARN_DOCUMENTATION_COMMENTS = YES;
				CLANG_WARN_EMPTY_BODY = YES;
				CLANG_WARN_ENUM_CONVERSION = YES;
				CLANG_WARN_INFINITE_RECURSION = YES;
				CLANG_WARN_INT_CONVERSION = YES;
				CLANG_WARN_NON_LITERAL_NULL_CONVERSION = YES;
				CLANG_WARN_OBJC_IMPLICIT_RETAIN_SELF = YES;
				CLANG_WARN_OBJC_LITERAL_CONVERSION = YES;
				CLANG_WARN_OBJC_ROOT_CLASS = YES_ERROR;
				CLANG_WARN_RANGE_LOOP_ANALYSIS = YES;
				CLANG_WARN_STRICT_PROTOTYPES = YES;
				CLANG_WARN_SUSPICIOUS_MOVE = YES;
				CLANG_WARN_UNGUARDED_AVAILABILITY = YES_AGGRESSIVE;
				CLANG_WARN_UNREACHABLE_CODE = YES;
				CLANG_WARN__DUPLICATE_METHOD_MATCH = YES;
				CODE_SIGN_IDENTITY = "iPhone Developer";
				COPY_PHASE_STRIP = NO;
				DEBUG_INFORMATION_FORMAT = "dwarf-with-dsym";
				ENABLE_NS_ASSERTIONS = NO;
				ENABLE_STRICT_OBJC_MSGSEND = YES;
				GCC_C_LANGUAGE_STANDARD = gnu11;
				GCC_NO_COMMON_BLOCKS = YES;
				GCC_WARN_64_TO_32_BIT_CONVERSION = YES;
				GCC_WARN_ABOUT_RETURN_TYPE = YES_ERROR;
				GCC_WARN_UNDECLARED_SELECTOR = YES;
				GCC_WARN_UNINITIALIZED_AUTOS = YES_AGGRESSIVE;
				GCC_WARN_UNUSED_FUNCTION = YES;
				GCC_WARN_UNUSED_VARIABLE = YES;
				IPHONEOS_DEPLOYMENT_TARGET = 12.1;
				MTL_ENABLE_DEBUG_INFO = NO;
				MTL_FAST_MATH = YES;
				SDKROOT = iphoneos;
				SWIFT_COMPILATION_MODE = wholemodule;
				SWIFT_OPTIMIZATION_LEVEL = "-O";
				VALIDATE_PRODUCT = YES;
			};
			name = Release;
		};
		F336DDDB2216B6DE0079B05D /* Debug */ = {
			isa = XCBuildConfiguration;
			baseConfigurationReference = E7D85EBB81430C08D32CCBD8 /* Pods-Songhound.debug.xcconfig */;
			buildSettings = {
				ASSETCATALOG_COMPILER_APPICON_NAME = AppIcon;
				CLANG_ENABLE_MODULES = YES;
				CODE_SIGN_STYLE = Automatic;
				DEBUG_INFORMATION_FORMAT = "dwarf-with-dsym";
				DEVELOPMENT_TEAM = GLK7J5PP82;
				INFOPLIST_FILE = Songhound/Info.plist;
				IPHONEOS_DEPLOYMENT_TARGET = 12.0;
				LD_RUNPATH_SEARCH_PATHS = (
					"$(inherited)",
					"@executable_path/Frameworks",
				);
				OTHER_CODE_SIGN_FLAGS = "";
				PRODUCT_BUNDLE_IDENTIFIER = za.co.dubedivine.ios.Songhound;
				PRODUCT_NAME = "$(TARGET_NAME)";
				SWIFT_OBJC_BRIDGING_HEADER = "Songhound/Songhound-Bridging-Header.h";
				SWIFT_OPTIMIZATION_LEVEL = "-Onone";
				SWIFT_VERSION = 4.2;
				TARGETED_DEVICE_FAMILY = "1,2";
			};
			name = Debug;
		};
		F336DDDC2216B6DE0079B05D /* Release */ = {
			isa = XCBuildConfiguration;
			baseConfigurationReference = B478303C652C5DEA866E0B01 /* Pods-Songhound.release.xcconfig */;
			buildSettings = {
				ASSETCATALOG_COMPILER_APPICON_NAME = AppIcon;
				CLANG_ENABLE_MODULES = YES;
				CODE_SIGN_STYLE = Automatic;
				DEVELOPMENT_TEAM = GLK7J5PP82;
				INFOPLIST_FILE = Songhound/Info.plist;
				IPHONEOS_DEPLOYMENT_TARGET = 12.0;
				LD_RUNPATH_SEARCH_PATHS = (
					"$(inherited)",
					"@executable_path/Frameworks",
				);
				OTHER_CODE_SIGN_FLAGS = "";
				PRODUCT_BUNDLE_IDENTIFIER = za.co.dubedivine.ios.Songhound;
				PRODUCT_NAME = "$(TARGET_NAME)";
				SWIFT_OBJC_BRIDGING_HEADER = "Songhound/Songhound-Bridging-Header.h";
				SWIFT_VERSION = 4.2;
				TARGETED_DEVICE_FAMILY = "1,2";
			};
			name = Release;
		};
		F336DDDE2216B6DE0079B05D /* Debug */ = {
			isa = XCBuildConfiguration;
			baseConfigurationReference = 35A7146061DFA13E2DCDB271 /* Pods-SonghoundTests.debug.xcconfig */;
			buildSettings = {
				ALWAYS_EMBED_SWIFT_STANDARD_LIBRARIES = YES;
				BUNDLE_LOADER = "$(TEST_HOST)";
				CODE_SIGN_STYLE = Automatic;
				DEVELOPMENT_TEAM = FA8D45S82T;
				INFOPLIST_FILE = SonghoundTests/Info.plist;
				LD_RUNPATH_SEARCH_PATHS = (
					"$(inherited)",
					"@executable_path/Frameworks",
					"@loader_path/Frameworks",
				);
				PRODUCT_BUNDLE_IDENTIFIER = za.co.dubedivine.ios.SonghoundTests;
				PRODUCT_NAME = "$(TARGET_NAME)";
				SWIFT_VERSION = 4.2;
				TARGETED_DEVICE_FAMILY = "1,2";
				TEST_HOST = "$(BUILT_PRODUCTS_DIR)/Songhound.app/Songhound";
			};
			name = Debug;
		};
		F336DDDF2216B6DE0079B05D /* Release */ = {
			isa = XCBuildConfiguration;
			baseConfigurationReference = 9366AFB3BFA62569BD22C06B /* Pods-SonghoundTests.release.xcconfig */;
			buildSettings = {
				ALWAYS_EMBED_SWIFT_STANDARD_LIBRARIES = YES;
				BUNDLE_LOADER = "$(TEST_HOST)";
				CODE_SIGN_STYLE = Automatic;
				DEVELOPMENT_TEAM = FA8D45S82T;
				INFOPLIST_FILE = SonghoundTests/Info.plist;
				LD_RUNPATH_SEARCH_PATHS = (
					"$(inherited)",
					"@executable_path/Frameworks",
					"@loader_path/Frameworks",
				);
				PRODUCT_BUNDLE_IDENTIFIER = za.co.dubedivine.ios.SonghoundTests;
				PRODUCT_NAME = "$(TARGET_NAME)";
				SWIFT_VERSION = 4.2;
				TARGETED_DEVICE_FAMILY = "1,2";
				TEST_HOST = "$(BUILT_PRODUCTS_DIR)/Songhound.app/Songhound";
			};
			name = Release;
		};
/* End XCBuildConfiguration section */

/* Begin XCConfigurationList section */
		F31BB45E223F994700E986AF /* Build configuration list for PBXNativeTarget "SonghoundUITests" */ = {
			isa = XCConfigurationList;
			buildConfigurations = (
				F31BB45C223F994700E986AF /* Debug */,
				F31BB45D223F994700E986AF /* Release */,
			);
			defaultConfigurationIsVisible = 0;
			defaultConfigurationName = Release;
		};
		F336DDAD2216B6DB0079B05D /* Build configuration list for PBXProject "Songhound" */ = {
			isa = XCConfigurationList;
			buildConfigurations = (
				F336DDD82216B6DE0079B05D /* Debug */,
				F336DDD92216B6DE0079B05D /* Release */,
			);
			defaultConfigurationIsVisible = 0;
			defaultConfigurationName = Release;
		};
		F336DDDA2216B6DE0079B05D /* Build configuration list for PBXNativeTarget "Songhound" */ = {
			isa = XCConfigurationList;
			buildConfigurations = (
				F336DDDB2216B6DE0079B05D /* Debug */,
				F336DDDC2216B6DE0079B05D /* Release */,
			);
			defaultConfigurationIsVisible = 0;
			defaultConfigurationName = Release;
		};
		F336DDDD2216B6DE0079B05D /* Build configuration list for PBXNativeTarget "SonghoundTests" */ = {
			isa = XCConfigurationList;
			buildConfigurations = (
				F336DDDE2216B6DE0079B05D /* Debug */,
				F336DDDF2216B6DE0079B05D /* Release */,
			);
			defaultConfigurationIsVisible = 0;
			defaultConfigurationName = Release;
		};
/* End XCConfigurationList section */
	};
	rootObject = F336DDAA2216B6DB0079B05D /* Project object */;
}
